
Microsoft Visual Studio Solution File, Format Version 12.00
# Visual Studio Version 16
VisualStudioVersion = 16.0.31515.178
MinimumVisualStudioVersion = 10.0.40219.1
Project("{2150E333-8FDC-42A3-9474-1A3956D46DE8}") = "Services", "Services", "{F5F8D0FA-C87D-4B2D-99D6-3DF93608462C}"
EndProject
Project("{FAE04EC0-301F-11D3-BF4B-00C04F79EFBC}") = "Identity.API", "Identity.API\Identity.API.csproj", "{BD30FF63-3B30-4C7C-8A27-8A23355E65A1}"
EndProject
Project("{E53339B2-1760-4266-BCC7-CA923CBCF16C}") = "docker-compose", "docker-compose.dcproj", "{51A4C11A-CA25-4A95-A033-955D6ED9050F}"
EndProject
Project("{2150E333-8FDC-42A3-9474-1A3956D46DE8}") = "DBScripts", "DBScripts", "{880BC6BF-4B4C-4CF2-8652-FA9576955577}"
	ProjectSection(SolutionItems) = preProject
		..\..\..\..\..\..\..\Users\tanmoy.sarkar\Desktop\DBScripts.sql = ..\..\..\..\..\..\..\Users\tanmoy.sarkar\Desktop\DBScripts.sql
	EndProjectSection
EndProject
Global
	GlobalSection(SolutionConfigurationPlatforms) = preSolution
		Debug|Any CPU = Debug|Any CPU
		Release|Any CPU = Release|Any CPU
	EndGlobalSection
	GlobalSection(ProjectConfigurationPlatforms) = postSolution
		{BD30FF63-3B30-4C7C-8A27-8A23355E65A1}.Debug|Any CPU.ActiveCfg = Debug|Any CPU
		{BD30FF63-3B30-4C7C-8A27-8A23355E65A1}.Debug|Any CPU.Build.0 = Debug|Any CPU
		{BD30FF63-3B30-4C7C-8A27-8A23355E65A1}.Release|Any CPU.ActiveCfg = Release|Any CPU
		{BD30FF63-3B30-4C7C-8A27-8A23355E65A1}.Release|Any CPU.Build.0 = Release|Any CPU
		{51A4C11A-CA25-4A95-A033-955D6ED9050F}.Debug|Any CPU.ActiveCfg = Debug|Any CPU
		{51A4C11A-CA25-4A95-A033-955D6ED9050F}.Debug|Any CPU.Build.0 = Debug|Any CPU
		{51A4C11A-CA25-4A95-A033-955D6ED9050F}.Release|Any CPU.ActiveCfg = Release|Any CPU
		{51A4C11A-CA25-4A95-A033-955D6ED9050F}.Release|Any CPU.Build.0 = Release|Any CPU
	EndGlobalSection
	GlobalSection(SolutionProperties) = preSolution
		HideSolutionNode = FALSE
	EndGlobalSection
	GlobalSection(NestedProjects) = preSolution
		{BD30FF63-3B30-4C7C-8A27-8A23355E65A1} = {F5F8D0FA-C87D-4B2D-99D6-3DF93608462C}
	EndGlobalSection
	GlobalSection(ExtensibilityGlobals) = postSolution
		SolutionGuid = {168BAAA9-8731-486B-86D8-AEAB054E8FCF}
	EndGlobalSection
EndGlobal
